
Microsoft Visual Studio Solution File, Format Version 12.00
# Visual Studio Version 17
VisualStudioVersion = 17.7.34202.233
MinimumVisualStudioVersion = 10.0.40219.1
Project("{FAE04EC0-301F-11D3-BF4B-00C04F79EFBC}") = "liczby_pierwsze", "liczby_pierwsze\liczby_pierwsze.csproj", "{ED754783-D4E1-41FE-9B4C-F2516D2EFDB0}"
EndProject
Global
	GlobalSection(SolutionConfigurationPlatforms) = preSolution
		Debug|Any CPU = Debug|Any CPU
		Release|Any CPU = Release|Any CPU
	EndGlobalSection
	GlobalSection(ProjectConfigurationPlatforms) = postSolution
		{ED754783-D4E1-41FE-9B4C-F2516D2EFDB0}.Debug|Any CPU.ActiveCfg = Debug|Any CPU
		{ED754783-D4E1-41FE-9B4C-F2516D2EFDB0}.Debug|Any CPU.Build.0 = Debug|Any CPU
		{ED754783-D4E1-41FE-9B4C-F2516D2EFDB0}.Release|Any CPU.ActiveCfg = Release|Any CPU
		{ED754783-D4E1-41FE-9B4C-F2516D2EFDB0}.Release|Any CPU.Build.0 = Release|Any CPU
	EndGlobalSection
	GlobalSection(SolutionProperties) = preSolution
		HideSolutionNode = FALSE
	EndGlobalSection
	GlobalSection(ExtensibilityGlobals) = postSolution
		SolutionGuid = {A9F8774F-10B2-4C16-8704-7E8346C8138D}
	EndGlobalSection
EndGlobal
